
Microsoft Visual Studio Solution File, Format Version 12.00
# Visual Studio Version 17
VisualStudioVersion = 17.7.34024.191
MinimumVisualStudioVersion = 10.0.40219.1
Project("{FAE04EC0-301F-11D3-BF4B-00C04F79EFBC}") = "NET22Lorentz", "NET22Lorentz.csproj", "{073F54AA-6FF6-400E-8A86-824AAC98B590}"
EndProject
Global
	GlobalSection(SolutionConfigurationPlatforms) = preSolution
		Debug|Any CPU = Debug|Any CPU
		Release|Any CPU = Release|Any CPU
	EndGlobalSection
	GlobalSection(ProjectConfigurationPlatforms) = postSolution
		{073F54AA-6FF6-400E-8A86-824AAC98B590}.Debug|Any CPU.ActiveCfg = Debug|Any CPU
		{073F54AA-6FF6-400E-8A86-824AAC98B590}.Debug|Any CPU.Build.0 = Debug|Any CPU
		{073F54AA-6FF6-400E-8A86-824AAC98B590}.Release|Any CPU.ActiveCfg = Release|Any CPU
		{073F54AA-6FF6-400E-8A86-824AAC98B590}.Release|Any CPU.Build.0 = Release|Any CPU
	EndGlobalSection
	GlobalSection(SolutionProperties) = preSolution
		HideSolutionNode = FALSE
	EndGlobalSection
	GlobalSection(ExtensibilityGlobals) = postSolution
		SolutionGuid = {268CB776-7570-48CB-B13F-43AF72510C43}
	EndGlobalSection
EndGlobal
